{
  "requires": true,
  "lockfileVersion": 1,
  "dependencies": {
    "@remix-run/router": {
      "version": "1.3.0",
      "resolved": "https://registry.npmjs.org/@remix-run/router/-/router-1.3.0.tgz",
      "integrity": "sha512-nwQoYb3m4DDpHTeOwpJEuDt8lWVcujhYYSFGLluC+9es2PyLjm+jjq3IeRBQbwBtPLJE/lkuHuGHr8uQLgmJRA=="
    },
    "react-router": {
      "version": "6.7.0",
      "resolved": "https://registry.npmjs.org/react-router/-/react-router-6.7.0.tgz",
      "integrity": "sha512-KNWlG622ddq29MAM159uUsNMdbX8USruoKnwMMQcs/QWZgFUayICSn2oB7reHce1zPj6CG18kfkZIunSSRyGHg==",
      "requires": {
        "@remix-run/router": "1.3.0"
      }
    },
    "react-router-dom": {
      "version": "6.7.0",
      "resolved": "https://registry.npmjs.org/react-router-dom/-/react-router-dom-6.7.0.tgz",
      "integrity": "sha512-jQtXUJyhso3kFw430+0SPCbmCmY1/kJv8iRffGHwHy3CkoomGxeYzMkmeSPYo6Egzh3FKJZRAL22yg5p2tXtfg==",
      "requires": {
        "@remix-run/router": "1.3.0",
        "react-router": "6.7.0"
      }
    }
  }
}
